
Microsoft Visual Studio Solution File, Format Version 12.00
# Visual Studio Version 17
VisualStudioVersion = 17.8.34525.116
MinimumVisualStudioVersion = 10.0.40219.1
Project("{FAE04EC0-301F-11D3-BF4B-00C04F79EFBC}") = "MVCMyWeb", "MVCMyWeb.csproj", "{B089387A-9AD0-431F-A9E9-EE6A8BF774D0}"
EndProject
Global
	GlobalSection(SolutionConfigurationPlatforms) = preSolution
		Debug|Any CPU = Debug|Any CPU
		Release|Any CPU = Release|Any CPU
	EndGlobalSection
	GlobalSection(ProjectConfigurationPlatforms) = postSolution
		{B089387A-9AD0-431F-A9E9-EE6A8BF774D0}.Debug|Any CPU.ActiveCfg = Debug|Any CPU
		{B089387A-9AD0-431F-A9E9-EE6A8BF774D0}.Debug|Any CPU.Build.0 = Debug|Any CPU
		{B089387A-9AD0-431F-A9E9-EE6A8BF774D0}.Release|Any CPU.ActiveCfg = Release|Any CPU
		{B089387A-9AD0-431F-A9E9-EE6A8BF774D0}.Release|Any CPU.Build.0 = Release|Any CPU
	EndGlobalSection
	GlobalSection(SolutionProperties) = preSolution
		HideSolutionNode = FALSE
	EndGlobalSection
	GlobalSection(ExtensibilityGlobals) = postSolution
		SolutionGuid = {1EFBDA98-47FB-483A-A24F-410B635303BC}
	EndGlobalSection
EndGlobal
